
Microsoft Visual Studio Solution File, Format Version 12.00
# Visual Studio Version 16
VisualStudioVersion = 16.0.31205.134
MinimumVisualStudioVersion = 10.0.40219.1
Project("{FAE04EC0-301F-11D3-BF4B-00C04F79EFBC}") = "API", "API\API.csproj", "{F2DF11EA-B6CF-473D-9F76-012E51990432}"
EndProject
Project("{FAE04EC0-301F-11D3-BF4B-00C04F79EFBC}") = "Domain", "Domain\Domain.csproj", "{3DB69AA9-E77E-451D-A734-E3AE968DDF48}"
EndProject
Global
	GlobalSection(SolutionConfigurationPlatforms) = preSolution
		Debug|Any CPU = Debug|Any CPU
		Release|Any CPU = Release|Any CPU
	EndGlobalSection
	GlobalSection(ProjectConfigurationPlatforms) = postSolution
		{F2DF11EA-B6CF-473D-9F76-012E51990432}.Debug|Any CPU.ActiveCfg = Debug|Any CPU
		{F2DF11EA-B6CF-473D-9F76-012E51990432}.Debug|Any CPU.Build.0 = Debug|Any CPU
		{F2DF11EA-B6CF-473D-9F76-012E51990432}.Release|Any CPU.ActiveCfg = Release|Any CPU
		{F2DF11EA-B6CF-473D-9F76-012E51990432}.Release|Any CPU.Build.0 = Release|Any CPU
		{3DB69AA9-E77E-451D-A734-E3AE968DDF48}.Debug|Any CPU.ActiveCfg = Debug|Any CPU
		{3DB69AA9-E77E-451D-A734-E3AE968DDF48}.Debug|Any CPU.Build.0 = Debug|Any CPU
		{3DB69AA9-E77E-451D-A734-E3AE968DDF48}.Release|Any CPU.ActiveCfg = Release|Any CPU
		{3DB69AA9-E77E-451D-A734-E3AE968DDF48}.Release|Any CPU.Build.0 = Release|Any CPU
	EndGlobalSection
	GlobalSection(SolutionProperties) = preSolution
		HideSolutionNode = FALSE
	EndGlobalSection
	GlobalSection(ExtensibilityGlobals) = postSolution
		SolutionGuid = {D0DD14A2-9E2E-4201-8BB8-B1DCB749B982}
	EndGlobalSection
EndGlobal
